
Microsoft Visual Studio Solution File, Format Version 12.00
# Visual Studio Version 17
VisualStudioVersion = 17.6.33829.357
MinimumVisualStudioVersion = 10.0.40219.1
Project("{FAE04EC0-301F-11D3-BF4B-00C04F79EFBC}") = "MyBlazor", "MyBlazor\MyBlazor.csproj", "{369530FF-F224-4893-B024-F6A9C4BC7054}"
EndProject
Global
	GlobalSection(SolutionConfigurationPlatforms) = preSolution
		Debug|Any CPU = Debug|Any CPU
		Release|Any CPU = Release|Any CPU
	EndGlobalSection
	GlobalSection(ProjectConfigurationPlatforms) = postSolution
		{369530FF-F224-4893-B024-F6A9C4BC7054}.Debug|Any CPU.ActiveCfg = Debug|Any CPU
		{369530FF-F224-4893-B024-F6A9C4BC7054}.Debug|Any CPU.Build.0 = Debug|Any CPU
		{369530FF-F224-4893-B024-F6A9C4BC7054}.Release|Any CPU.ActiveCfg = Release|Any CPU
		{369530FF-F224-4893-B024-F6A9C4BC7054}.Release|Any CPU.Build.0 = Release|Any CPU
	EndGlobalSection
	GlobalSection(SolutionProperties) = preSolution
		HideSolutionNode = FALSE
	EndGlobalSection
	GlobalSection(ExtensibilityGlobals) = postSolution
		SolutionGuid = {FBDF3F76-B1BC-4EDB-8B41-821ADDB2E9F3}
	EndGlobalSection
EndGlobal
